// !$*UTF8*$!
{
	archiveVersion = 1;
	classes = {
	};
	objectVersion = 46;
	objects = {

/* Begin PBXBuildFile section */
		9EECDF5F15EACB3A00AD89D8 /* UIKit.framework in Frameworks */ = {isa = PBXBuildFile; fileRef = 9EECDF5E15EACB3A00AD89D8 /* UIKit.framework */; };
		9EECDF6115EACB3A00AD89D8 /* Foundation.framework in Frameworks */ = {isa = PBXBuildFile; fileRef = 9EECDF6015EACB3A00AD89D8 /* Foundation.framework */; };
		9EECDF6315EACB3A00AD89D8 /* CoreGraphics.framework in Frameworks */ = {isa = PBXBuildFile; fileRef = 9EECDF6215EACB3A00AD89D8 /* CoreGraphics.framework */; };
		9EECDF6915EACB3A00AD89D8 /* InfoPlist.strings in Resources */ = {isa = PBXBuildFile; fileRef = 9EECDF6715EACB3A00AD89D8 /* InfoPlist.strings */; };
		9EECDF6B15EACB3A00AD89D8 /* main.m in Sources */ = {isa = PBXBuildFile; fileRef = 9EECDF6A15EACB3A00AD89D8 /* main.m */; };
		9EECDF6F15EACB3A00AD89D8 /* AppDelegate.m in Sources */ = {isa = PBXBuildFile; fileRef = 9EECDF6E15EACB3A00AD89D8 /* AppDelegate.m */; };
		9EECDF7215EACB3A00AD89D8 /* ViewController.m in Sources */ = {isa = PBXBuildFile; fileRef = 9EECDF7115EACB3A00AD89D8 /* ViewController.m */; };
		9EECDF7515EACB3A00AD89D8 /* ViewController.xib in Resources */ = {isa = PBXBuildFile; fileRef = 9EECDF7315EACB3A00AD89D8 /* ViewController.xib */; };
/* End PBXBuildFile section */

/* Begin PBXFileReference section */
		9EECDF5A15EACB3A00AD89D8 /* MetWorkingLite.app */ = {isa = PBXFileReference; explicitFileType = wrapper.application; includeInIndex = 0; path = MetWorkingLite.app; sourceTree = BUILT_PRODUCTS_DIR; };
		9EECDF5E15EACB3A00AD89D8 /* UIKit.framework */ = {isa = PBXFileReference; lastKnownFileType = wrapper.framework; name = UIKit.framework; path = System/Library/Frameworks/UIKit.framework; sourceTree = SDKROOT; };
		9EECDF6015EACB3A00AD89D8 /* Foundation.framework */ = {isa = PBXFileReference; lastKnownFileType = wrapper.framework; name = Foundation.framework; path = System/Library/Frameworks/Foundation.framework; sourceTree = SDKROOT; };
		9EECDF6215EACB3A00AD89D8 /* CoreGraphics.framework */ = {isa = PBXFileReference; lastKnownFileType = wrapper.framework; name = CoreGraphics.framework; path = System/Library/Frameworks/CoreGraphics.framework; sourceTree = SDKROOT; };
		9EECDF6615EACB3A00AD89D8 /* MetWorkingLite-Info.plist */ = {isa = PBXFileReference; path = "MetWorkingLite-Info.plist"; sourceTree = "<group>"; };
		9EECDF6815EACB3A00AD89D8 /* en */ = {isa = PBXFileReference; lastKnownFileType = text.plist.strings; name = en; path = en.lproj/InfoPlist.strings; sourceTree = "<group>"; };
		9EECDF6A15EACB3A00AD89D8 /* main.m */ = {isa = PBXFileReference; lastKnownFileType = sourcecode.c.objc; path = main.m; sourceTree = "<group>"; };
		9EECDF6C15EACB3A00AD89D8 /* MetWorkingLite-Prefix.pch */ = {isa = PBXFileReference; path = "MetWorkingLite-Prefix.pch"; sourceTree = "<group>"; };
		9EECDF6D15EACB3A00AD89D8 /* AppDelegate.h */ = {isa = PBXFileReference; path = AppDelegate.h; sourceTree = "<group>"; };
		9EECDF6E15EACB3A00AD89D8 /* AppDelegate.m */ = {isa = PBXFileReference; lastKnownFileType = sourcecode.c.objc; path = AppDelegate.m; sourceTree = "<group>"; };
		9EECDF7015EACB3A00AD89D8 /* ViewController.h */ = {isa = PBXFileReference; path = ViewController.h; sourceTree = "<group>"; };
		9EECDF7115EACB3A00AD89D8 /* ViewController.m */ = {isa = PBXFileReference; lastKnownFileType = sourcecode.c.objc; path = ViewController.m; sourceTree = "<group>"; };
		9EECDF7415EACB3A00AD89D8 /* en */ = {isa = PBXFileReference; lastKnownFileType = file.xib; name = en; path = en.lproj/ViewController.xib; sourceTree = "<group>"; };
/* End PBXFileReference section */

/* Begin PBXFrameworksBuildPhase section */
		9EECDF5715EACB3A00AD89D8 /* Frameworks */ = {
			isa = PBXFrameworksBuildPhase;
			buildActionMask = 2147483647;
			files = (
				9EECDF5F15EACB3A00AD89D8 /* UIKit.framework in Frameworks */,
				9EECDF6115EACB3A00AD89D8 /* Foundation.framework in Frameworks */,
				9EECDF6315EACB3A00AD89D8 /* CoreGraphics.framework in Frameworks */,
			);
			runOnlyForDeploymentPostprocessing = 0;
		};
/* End PBXFrameworksBuildPhase section */

/* Begin PBXGroup section */
		9EECDF4F15EACB3900AD89D8 = {
			isa = PBXGroup;
			children = (
				9EECDF6415EACB3A00AD89D8 /* MetWorkingLite */,
				9EECDF5D15EACB3A00AD89D8 /* Frameworks */,
				9EECDF5B15EACB3A00AD89D8 /* Products */,
			);
			sourceTree = "<group>";
		};
		9EECDF5B15EACB3A00AD89D8 /* Products */ = {
			isa = PBXGroup;
			children = (
				9EECDF5A15EACB3A00AD89D8 /* MetWorkingLite.app */,
			);
			name = Products;
			sourceTree = "<group>";
		};
		9EECDF5D15EACB3A00AD89D8 /* Frameworks */ = {
			isa = PBXGroup;
			children = (
				9EECDF5E15EACB3A00AD89D8 /* UIKit.framework */,
				9EECDF6015EACB3A00AD89D8 /* Foundation.framework */,
				9EECDF6215EACB3A00AD89D8 /* CoreGraphics.framework */,
			);
			name = Frameworks;
			sourceTree = "<group>";
		};
		9EECDF6415EACB3A00AD89D8 /* MetWorkingLite */ = {
			isa = PBXGroup;
			children = (
				9EECDF6D15EACB3A00AD89D8 /* AppDelegate.h */,
				9EECDF6E15EACB3A00AD89D8 /* AppDelegate.m */,
				9EECDF7015EACB3A00AD89D8 /* ViewController.h */,
				9EECDF7115EACB3A00AD89D8 /* ViewController.m */,
				9EECDF7315EACB3A00AD89D8 /* ViewController.xib */,
				9EECDF6515EACB3A00AD89D8 /* Supporting Files */,
			);
			path = MetWorkingLite;
			sourceTree = "<group>";
		};
		9EECDF6515EACB3A00AD89D8 /* Supporting Files */ = {
			isa = PBXGroup;
			children = (
				9EECDF6615EACB3A00AD89D8 /* MetWorkingLite-Info.plist */,
				9EECDF6715EACB3A00AD89D8 /* InfoPlist.strings */,
				9EECDF6A15EACB3A00AD89D8 /* main.m */,
				9EECDF6C15EACB3A00AD89D8 /* MetWorkingLite-Prefix.pch */,
			);
			name = "Supporting Files";
			sourceTree = "<group>";
		};
/* End PBXGroup section */

/* Begin PBXNativeTarget section */
		9EECDF5915EACB3A00AD89D8 /* MetWorkingLite */ = {
			isa = PBXNativeTarget;
			buildConfigurationList = 9EECDF7815EACB3A00AD89D8 /* Build configuration list for PBXNativeTarget "MetWorkingLite" */;
			buildPhases = (
				9EECDF5615EACB3A00AD89D8 /* Sources */,
				9EECDF5715EACB3A00AD89D8 /* Frameworks */,
				9EECDF5815EACB3A00AD89D8 /* Resources */,
			);
			buildRules = (
			);
			dependencies = (
			);
			name = MetWorkingLite;
			productName = MetWorkingLite;
			productReference = 9EECDF5A15EACB3A00AD89D8 /* MetWorkingLite.app */;
			productType = "com.apple.product-type.application";
		};
/* End PBXNativeTarget section */

/* Begin PBXProject section */
		9EECDF5115EACB3900AD89D8 /* Project object */ = {
			isa = PBXProject;
			attributes = {
				LastUpgradeCheck = 0430;
			};
			buildConfigurationList = 9EECDF5415EACB3900AD89D8 /* Build configuration list for PBXProject "MetWorkingLite" */;
			compatibilityVersion = "Xcode 3.2";
			developmentRegion = English;
			hasScannedForEncodings = 0;
			knownRegions = (
				en,
			);
			mainGroup = 9EECDF4F15EACB3900AD89D8;
			productRefGroup = 9EECDF5B15EACB3A00AD89D8 /* Products */;
			projectDirPath = "";
			projectRoot = "";
			targets = (
				9EECDF5915EACB3A00AD89D8 /* MetWorkingLite */,
			);
		};
/* End PBXProject section */

/* Begin PBXResourcesBuildPhase section */
		9EECDF5815EACB3A00AD89D8 /* Resources */ = {
			isa = PBXResourcesBuildPhase;
			buildActionMask = 2147483647;
			files = (
				9EECDF6915EACB3A00AD89D8 /* InfoPlist.strings in Resources */,
				9EECDF7515EACB3A00AD89D8 /* ViewController.xib in Resources */,
			);
			runOnlyForDeploymentPostprocessing = 0;
		};
/* End PBXResourcesBuildPhase section */

/* Begin PBXSourcesBuildPhase section */
		9EECDF5615EACB3A00AD89D8 /* Sources */ = {
			isa = PBXSourcesBuildPhase;
			buildActionMask = 2147483647;
			files = (
				9EECDF6B15EACB3A00AD89D8 /* main.m in Sources */,
				9EECDF6F15EACB3A00AD89D8 /* AppDelegate.m in Sources */,
				9EECDF7215EACB3A00AD89D8 /* ViewController.m in Sources */,
			);
			runOnlyForDeploymentPostprocessing = 0;
		};
/* End PBXSourcesBuildPhase section */

/* Begin PBXVariantGroup section */
		9EECDF6715EACB3A00AD89D8 /* InfoPlist.strings */ = {
			isa = PBXVariantGroup;
			children = (
				9EECDF6815EACB3A00AD89D8 /* en */,
			);
			name = InfoPlist.strings;
			sourceTree = "<group>";
		};
		9EECDF7315EACB3A00AD89D8 /* ViewController.xib */ = {
			isa = PBXVariantGroup;
			children = (
				9EECDF7415EACB3A00AD89D8 /* en */,
			);
			name = ViewController.xib;
			sourceTree = "<group>";
		};
/* End PBXVariantGroup section */

/* Begin XCBuildConfiguration section */
		9EECDF7615EACB3A00AD89D8 /* Debug */ = {
			isa = XCBuildConfiguration;
			buildSettings = {
				ALWAYS_SEARCH_USER_PATHS = NO;
				ARCHS = "$(ARCHS_STANDARD_32_BIT)";
				CLANG_ENABLE_OBJC_ARC = YES;
				"CODE_SIGN_IDENTITY[sdk=iphoneos*]" = "iPhone Developer";
				COPY_PHASE_STRIP = NO;
				GCC_C_LANGUAGE_STANDARD = gnu99;
				GCC_DYNAMIC_NO_PIC = NO;
				GCC_OPTIMIZATION_LEVEL = 0;
				GCC_PREPROCESSOR_DEFINITIONS = (
					"DEBUG=1",
					"$(inherited)",
				);
				GCC_SYMBOLS_PRIVATE_EXTERN = NO;
				GCC_VERSION = com.apple.compilers.llvm.clang.1_0;
				GCC_WARN_ABOUT_RETURN_TYPE = YES;
				GCC_WARN_UNINITIALIZED_AUTOS = YES;
				GCC_WARN_UNUSED_VARIABLE = YES;
				IPHONEOS_DEPLOYMENT_TARGET = 5.1;
				SDKROOT = iphoneos;
			};
			name = Debug;
		};
		9EECDF7715EACB3A00AD89D8 /* Release */ = {
			isa = XCBuildConfiguration;
			buildSettings = {
				ALWAYS_SEARCH_USER_PATHS = NO;
				ARCHS = "$(ARCHS_STANDARD_32_BIT)";
				CLANG_ENABLE_OBJC_ARC = YES;
				"CODE_SIGN_IDENTITY[sdk=iphoneos*]" = "iPhone Developer";
				COPY_PHASE_STRIP = YES;
				GCC_C_LANGUAGE_STANDARD = gnu99;
				GCC_VERSION = com.apple.compilers.llvm.clang.1_0;
				GCC_WARN_ABOUT_RETURN_TYPE = YES;
				GCC_WARN_UNINITIALIZED_AUTOS = YES;
				GCC_WARN_UNUSED_VARIABLE = YES;
				IPHONEOS_DEPLOYMENT_TARGET = 5.1;
				OTHER_CFLAGS = "-DNS_BLOCK_ASSERTIONS=1";
				SDKROOT = iphoneos;
				VALIDATE_PRODUCT = YES;
			};
			name = Release;
		};
		9EECDF7915EACB3A00AD89D8 /* Debug */ = {
			isa = XCBuildConfiguration;
			buildSettings = {
				GCC_PRECOMPILE_PREFIX_HEADER = YES;
				GCC_PREFIX_HEADER = "MetWorkingLite/MetWorkingLite-Prefix.pch";
				INFOPLIST_FILE = "MetWorkingLite/MetWorkingLite-Info.plist";
				PRODUCT_NAME = "$(TARGET_NAME)";
				WRAPPER_EXTENSION = app;
			};
			name = Debug;
		};
		9EECDF7A15EACB3A00AD89D8 /* Release */ = {
			isa = XCBuildConfiguration;
			buildSettings = {
				GCC_PRECOMPILE_PREFIX_HEADER = YES;
				GCC_PREFIX_HEADER = "MetWorkingLite/MetWorkingLite-Prefix.pch";
				INFOPLIST_FILE = "MetWorkingLite/MetWorkingLite-Info.plist";
				PRODUCT_NAME = "$(TARGET_NAME)";
				WRAPPER_EXTENSION = app;
			};
			name = Release;
		};
/* End XCBuildConfiguration section */

/* Begin XCConfigurationList section */
		9EECDF5415EACB3900AD89D8 /* Build configuration list for PBXProject "MetWorkingLite" */ = {
			isa = XCConfigurationList;
			buildConfigurations = (
				9EECDF7615EACB3A00AD89D8 /* Debug */,
				9EECDF7715EACB3A00AD89D8 /* Release */,
			);
			defaultConfigurationIsVisible = 0;
			defaultConfigurationName = Release;
		};
		9EECDF7815EACB3A00AD89D8 /* Build configuration list for PBXNativeTarget "MetWorkingLite" */ = {
			isa = XCConfigurationList;
			buildConfigurations = (
				9EECDF7915EACB3A00AD89D8 /* Debug */,
				9EECDF7A15EACB3A00AD89D8 /* Release */,
			);
			defaultConfigurationIsVisible = 0;
		};
/* End XCConfigurationList section */
	};
	rootObject = 9EECDF5115EACB3900AD89D8 /* Project object */;
}
